
Microsoft Visual Studio Solution File, Format Version 12.00
# Visual Studio Version 16
VisualStudioVersion = 16.0.31205.134
MinimumVisualStudioVersion = 10.0.40219.1
Project("{FAE04EC0-301F-11D3-BF4B-00C04F79EFBC}") = "Astronautai", "Astronautai.csproj", "{A9F51F85-7BEE-4A03-AB42-97DBE6BA358A}"
EndProject
Global
	GlobalSection(SolutionConfigurationPlatforms) = preSolution
		Debug|Any CPU = Debug|Any CPU
		Release|Any CPU = Release|Any CPU
	EndGlobalSection
	GlobalSection(ProjectConfigurationPlatforms) = postSolution
		{A9F51F85-7BEE-4A03-AB42-97DBE6BA358A}.Debug|Any CPU.ActiveCfg = Debug|Any CPU
		{A9F51F85-7BEE-4A03-AB42-97DBE6BA358A}.Debug|Any CPU.Build.0 = Debug|Any CPU
		{A9F51F85-7BEE-4A03-AB42-97DBE6BA358A}.Release|Any CPU.ActiveCfg = Release|Any CPU
		{A9F51F85-7BEE-4A03-AB42-97DBE6BA358A}.Release|Any CPU.Build.0 = Release|Any CPU
	EndGlobalSection
	GlobalSection(SolutionProperties) = preSolution
		HideSolutionNode = FALSE
	EndGlobalSection
	GlobalSection(ExtensibilityGlobals) = postSolution
		SolutionGuid = {3B0B6E3C-225C-4094-8F6D-AD35BA41C05E}
	EndGlobalSection
EndGlobal
